
Microsoft Visual Studio Solution File, Format Version 12.00
# Visual Studio 15
VisualStudioVersion = 15.0.26730.8
MinimumVisualStudioVersion = 10.0.40219.1
Project("{FAE04EC0-301F-11D3-BF4B-00C04F79EFBC}") = "YouTube2Kodi", "YouTube2Kodi\YouTube2Kodi.csproj", "{FFA2C91E-037D-4F84-BB6C-C199E95540B0}"
EndProject
Global
	GlobalSection(SolutionConfigurationPlatforms) = preSolution
		Debug|Any CPU = Debug|Any CPU
		Release|Any CPU = Release|Any CPU
	EndGlobalSection
	GlobalSection(ProjectConfigurationPlatforms) = postSolution
		{FFA2C91E-037D-4F84-BB6C-C199E95540B0}.Debug|Any CPU.ActiveCfg = Debug|Any CPU
		{FFA2C91E-037D-4F84-BB6C-C199E95540B0}.Debug|Any CPU.Build.0 = Debug|Any CPU
		{FFA2C91E-037D-4F84-BB6C-C199E95540B0}.Release|Any CPU.ActiveCfg = Release|Any CPU
		{FFA2C91E-037D-4F84-BB6C-C199E95540B0}.Release|Any CPU.Build.0 = Release|Any CPU
	EndGlobalSection
	GlobalSection(SolutionProperties) = preSolution
		HideSolutionNode = FALSE
	EndGlobalSection
	GlobalSection(ExtensibilityGlobals) = postSolution
		SolutionGuid = {2B618420-FEEC-4982-9345-7537D22F3BBE}
	EndGlobalSection
EndGlobal
