
Microsoft Visual Studio Solution File, Format Version 12.00
# Visual Studio 15
VisualStudioVersion = 15.0.26730.8
MinimumVisualStudioVersion = 10.0.40219.1
Project("{9A19103F-16F7-4668-BE54-9A1E7A4F7556}") = "YouTube2Kodi", "YouTube2Kodi\YouTube2Kodi.csproj", "{FFA2C91E-037D-4F84-BB6C-C199E95540B0}"
EndProject
Project("{9A19103F-16F7-4668-BE54-9A1E7A4F7556}") = "NYoutubeDL", "..\NYoutubeDL\src\NYoutubeDL\NYoutubeDL.csproj", "{D3055E73-3B5A-407A-946E-2F7650FD185F}"
EndProject
Global
	GlobalSection(SolutionConfigurationPlatforms) = preSolution
		Debug|Any CPU = Debug|Any CPU
		Release|Any CPU = Release|Any CPU
	EndGlobalSection
	GlobalSection(ProjectConfigurationPlatforms) = postSolution
		{FFA2C91E-037D-4F84-BB6C-C199E95540B0}.Debug|Any CPU.ActiveCfg = Debug|Any CPU
		{FFA2C91E-037D-4F84-BB6C-C199E95540B0}.Debug|Any CPU.Build.0 = Debug|Any CPU
		{FFA2C91E-037D-4F84-BB6C-C199E95540B0}.Release|Any CPU.ActiveCfg = Release|Any CPU
		{FFA2C91E-037D-4F84-BB6C-C199E95540B0}.Release|Any CPU.Build.0 = Release|Any CPU
		{D3055E73-3B5A-407A-946E-2F7650FD185F}.Debug|Any CPU.ActiveCfg = Debug|Any CPU
		{D3055E73-3B5A-407A-946E-2F7650FD185F}.Debug|Any CPU.Build.0 = Debug|Any CPU
		{D3055E73-3B5A-407A-946E-2F7650FD185F}.Release|Any CPU.ActiveCfg = Release|Any CPU
		{D3055E73-3B5A-407A-946E-2F7650FD185F}.Release|Any CPU.Build.0 = Release|Any CPU
	EndGlobalSection
	GlobalSection(SolutionProperties) = preSolution
		HideSolutionNode = FALSE
	EndGlobalSection
	GlobalSection(ExtensibilityGlobals) = postSolution
		SolutionGuid = {2B618420-FEEC-4982-9345-7537D22F3BBE}
	EndGlobalSection
EndGlobal
